# THIS IS AN AUTOGENERATED FILE. DO NOT EDIT THIS FILE DIRECTLY.
# yarn lockfile v1


"@babel/polyfill@^7.0.0":
  version "7.0.0"
  resolved "https://registry.yarnpkg.com/@babel/polyfill/-/polyfill-7.0.0.tgz#c8ff65c9ec3be6a1ba10113ebd40e8750fb90bff"
  dependencies:
    core-js "^2.5.7"
    regenerator-runtime "^0.11.1"

"@skypager/runtime@^0.1.18":
  version "0.1.18"
  resolved "https://registry.yarnpkg.com/@skypager/runtime/-/runtime-0.1.18.tgz#c84e4e955b8def88d1eb09dede2aad969db25e44"
  dependencies:
    "@babel/polyfill" "^7.0.0"
    lodash "^4.17.4"
    mobx "3.3.1"
    qbus "^0.9.7"
    uuid "^3.0.1"
    vm-browserify "^1.1.0"

core-js@^2.5.7:
  version "2.5.7"
  resolved "https://registry.yarnpkg.com/core-js/-/core-js-2.5.7.tgz#f972608ff0cead68b841a16a932d0b183791814e"

lodash@^4.17.4:
  version "4.17.11"
  resolved "https://registry.yarnpkg.com/lodash/-/lodash-4.17.11.tgz#b39ea6229ef607ecd89e2c8df12536891cac9b8d"

mobx@3.3.1:
  version "3.3.1"
  resolved "https://registry.yarnpkg.com/mobx/-/mobx-3.3.1.tgz#c38fc1a287a0dda3f5d4b85efe1137fedd9dcdf0"

qbus@^0.9.7:
  version "0.9.7"
  resolved "https://registry.yarnpkg.com/qbus/-/qbus-0.9.7.tgz#529a8ea8d2385aeac32e276a0d4644dba15b4580"

regenerator-runtime@^0.11.1:
  version "0.11.1"
  resolved "https://registry.yarnpkg.com/regenerator-runtime/-/regenerator-runtime-0.11.1.tgz#be05ad7f9bf7d22e056f9726cee5017fbf19e2e9"

uuid@^3.0.1:
  version "3.3.2"
  resolved "https://registry.yarnpkg.com/uuid/-/uuid-3.3.2.tgz#1b4af4955eb3077c501c23872fc6513811587131"

vm-browserify@^1.1.0:
  version "1.1.0"
  resolved "https://registry.yarnpkg.com/vm-browserify/-/vm-browserify-1.1.0.tgz#bd76d6a23323e2ca8ffa12028dc04559c75f9019"
